
Microsoft Visual Studio Solution File, Format Version 12.00
# Visual Studio Version 17
VisualStudioVersion = 17.14.36518.9 d17.14
MinimumVisualStudioVersion = 10.0.40219.1
Project("{F184B08F-C81C-45F6-A57F-5ABD9991F28F}") = "WinFormsApp13(下)", "WinFormsApp13(下)\WinFormsApp13(下).vbproj", "{273B6958-E787-4513-A9EB-414E16DD990E}"
EndProject
Global
	GlobalSection(SolutionConfigurationPlatforms) = preSolution
		Debug|Any CPU = Debug|Any CPU
		Release|Any CPU = Release|Any CPU
	EndGlobalSection
	GlobalSection(ProjectConfigurationPlatforms) = postSolution
		{273B6958-E787-4513-A9EB-414E16DD990E}.Debug|Any CPU.ActiveCfg = Debug|Any CPU
		{273B6958-E787-4513-A9EB-414E16DD990E}.Debug|Any CPU.Build.0 = Debug|Any CPU
		{273B6958-E787-4513-A9EB-414E16DD990E}.Release|Any CPU.ActiveCfg = Release|Any CPU
		{273B6958-E787-4513-A9EB-414E16DD990E}.Release|Any CPU.Build.0 = Release|Any CPU
	EndGlobalSection
	GlobalSection(SolutionProperties) = preSolution
		HideSolutionNode = FALSE
	EndGlobalSection
	GlobalSection(ExtensibilityGlobals) = postSolution
		SolutionGuid = {5B76391F-D6F5-48AB-91C5-0F810D3DF8DE}
	EndGlobalSection
EndGlobal
