
Microsoft Visual Studio Solution File, Format Version 12.00
# Visual Studio Version 17
VisualStudioVersion = 17.14.36518.9 d17.14
MinimumVisualStudioVersion = 10.0.40219.1
Project("{F184B08F-C81C-45F6-A57F-5ABD9991F28F}") = "WinFormsApp24題庫2", "WinFormsApp24題庫2\WinFormsApp24題庫2.vbproj", "{6EE203E5-20A9-45E7-8E6F-F627297A48CD}"
EndProject
Global
	GlobalSection(SolutionConfigurationPlatforms) = preSolution
		Debug|Any CPU = Debug|Any CPU
		Release|Any CPU = Release|Any CPU
	EndGlobalSection
	GlobalSection(ProjectConfigurationPlatforms) = postSolution
		{6EE203E5-20A9-45E7-8E6F-F627297A48CD}.Debug|Any CPU.ActiveCfg = Debug|Any CPU
		{6EE203E5-20A9-45E7-8E6F-F627297A48CD}.Debug|Any CPU.Build.0 = Debug|Any CPU
		{6EE203E5-20A9-45E7-8E6F-F627297A48CD}.Release|Any CPU.ActiveCfg = Release|Any CPU
		{6EE203E5-20A9-45E7-8E6F-F627297A48CD}.Release|Any CPU.Build.0 = Release|Any CPU
	EndGlobalSection
	GlobalSection(SolutionProperties) = preSolution
		HideSolutionNode = FALSE
	EndGlobalSection
	GlobalSection(ExtensibilityGlobals) = postSolution
		SolutionGuid = {BE22CD0D-F302-4088-952E-7AA10DE7C629}
	EndGlobalSection
EndGlobal
