
Microsoft Visual Studio Solution File, Format Version 12.00
# Visual Studio Version 17
VisualStudioVersion = 17.14.36518.9 d17.14
MinimumVisualStudioVersion = 10.0.40219.1
Project("{F184B08F-C81C-45F6-A57F-5ABD9991F28F}") = "WinFormsApp14", "WinFormsApp14\WinFormsApp14.vbproj", "{651DA04D-5E28-45C6-BC4F-12FE2B2972BB}"
EndProject
Global
	GlobalSection(SolutionConfigurationPlatforms) = preSolution
		Debug|Any CPU = Debug|Any CPU
		Release|Any CPU = Release|Any CPU
	EndGlobalSection
	GlobalSection(ProjectConfigurationPlatforms) = postSolution
		{651DA04D-5E28-45C6-BC4F-12FE2B2972BB}.Debug|Any CPU.ActiveCfg = Debug|Any CPU
		{651DA04D-5E28-45C6-BC4F-12FE2B2972BB}.Debug|Any CPU.Build.0 = Debug|Any CPU
		{651DA04D-5E28-45C6-BC4F-12FE2B2972BB}.Release|Any CPU.ActiveCfg = Release|Any CPU
		{651DA04D-5E28-45C6-BC4F-12FE2B2972BB}.Release|Any CPU.Build.0 = Release|Any CPU
	EndGlobalSection
	GlobalSection(SolutionProperties) = preSolution
		HideSolutionNode = FALSE
	EndGlobalSection
	GlobalSection(ExtensibilityGlobals) = postSolution
		SolutionGuid = {FB9B051F-0CCC-432F-90BF-E0BD60371D8D}
	EndGlobalSection
EndGlobal
